Microsoft Visual Studio Solution File, Format Version 12.00
# Visual Studio Version 17
VisualStudioVersion = 17.5.2.0
MinimumVisualStudioVersion = 10.0.40219.1
Project("{FAE04EC0-301F-11D3-BF4B-00C04F79EFBC}") = "exercicio-calculadora", "exercicio-calculadora.csproj", "{BA36D04E-D599-7A23-CB6C-AF349BFB9728}"
EndProject
Global
	GlobalSection(SolutionConfigurationPlatforms) = preSolution
		Debug|Any CPU = Debug|Any CPU
		Release|Any CPU = Release|Any CPU
	EndGlobalSection
	GlobalSection(ProjectConfigurationPlatforms) = postSolution
		{BA36D04E-D599-7A23-CB6C-AF349BFB9728}.Debug|Any CPU.ActiveCfg = Debug|Any CPU
		{BA36D04E-D599-7A23-CB6C-AF349BFB9728}.Debug|Any CPU.Build.0 = Debug|Any CPU
		{BA36D04E-D599-7A23-CB6C-AF349BFB9728}.Release|Any CPU.ActiveCfg = Release|Any CPU
		{BA36D04E-D599-7A23-CB6C-AF349BFB9728}.Release|Any CPU.Build.0 = Release|Any CPU
	EndGlobalSection
	GlobalSection(SolutionProperties) = preSolution
		HideSolutionNode = FALSE
	EndGlobalSection
	GlobalSection(ExtensibilityGlobals) = postSolution
		SolutionGuid = {8DB14C0E-F36D-492B-A1F3-2343B5D4CADF}
	EndGlobalSection
EndGlobal
