Microsoft Visual Studio Solution File, Format Version 12.00
# Visual Studio Version 17
VisualStudioVersion = 17.5.2.0
MinimumVisualStudioVersion = 10.0.40219.1
Project("{FAE04EC0-301F-11D3-BF4B-00C04F79EFBC}") = "exercicio3", "exercicio3.csproj", "{C95B4EE8-760D-9E56-2A86-69BBADFA664C}"
EndProject
Global
	GlobalSection(SolutionConfigurationPlatforms) = preSolution
		Debug|Any CPU = Debug|Any CPU
		Release|Any CPU = Release|Any CPU
	EndGlobalSection
	GlobalSection(ProjectConfigurationPlatforms) = postSolution
		{C95B4EE8-760D-9E56-2A86-69BBADFA664C}.Debug|Any CPU.ActiveCfg = Debug|Any CPU
		{C95B4EE8-760D-9E56-2A86-69BBADFA664C}.Debug|Any CPU.Build.0 = Debug|Any CPU
		{C95B4EE8-760D-9E56-2A86-69BBADFA664C}.Release|Any CPU.ActiveCfg = Release|Any CPU
		{C95B4EE8-760D-9E56-2A86-69BBADFA664C}.Release|Any CPU.Build.0 = Release|Any CPU
	EndGlobalSection
	GlobalSection(SolutionProperties) = preSolution
		HideSolutionNode = FALSE
	EndGlobalSection
	GlobalSection(ExtensibilityGlobals) = postSolution
		SolutionGuid = {32DC68D2-CC75-4FAD-9B2B-4FDBA7EAF9A5}
	EndGlobalSection
EndGlobal
