Microsoft Visual Studio Solution File, Format Version 12.00
# Visual Studio Version 17
VisualStudioVersion = 17.5.2.0
MinimumVisualStudioVersion = 10.0.40219.1
Project("{FAE04EC0-301F-11D3-BF4B-00C04F79EFBC}") = "jogo-de-batalha", "jogo-de-batalha.csproj", "{80952E89-C2DE-C931-9CA9-6A23A98CB628}"
EndProject
Global
	GlobalSection(SolutionConfigurationPlatforms) = preSolution
		Debug|Any CPU = Debug|Any CPU
		Release|Any CPU = Release|Any CPU
	EndGlobalSection
	GlobalSection(ProjectConfigurationPlatforms) = postSolution
		{80952E89-C2DE-C931-9CA9-6A23A98CB628}.Debug|Any CPU.ActiveCfg = Debug|Any CPU
		{80952E89-C2DE-C931-9CA9-6A23A98CB628}.Debug|Any CPU.Build.0 = Debug|Any CPU
		{80952E89-C2DE-C931-9CA9-6A23A98CB628}.Release|Any CPU.ActiveCfg = Release|Any CPU
		{80952E89-C2DE-C931-9CA9-6A23A98CB628}.Release|Any CPU.Build.0 = Release|Any CPU
	EndGlobalSection
	GlobalSection(SolutionProperties) = preSolution
		HideSolutionNode = FALSE
	EndGlobalSection
	GlobalSection(ExtensibilityGlobals) = postSolution
		SolutionGuid = {F78DA938-CAE2-4824-BFF7-F2A3A3945118}
	EndGlobalSection
EndGlobal
