Microsoft Visual Studio Solution File, Format Version 12.00
# Visual Studio Version 17
VisualStudioVersion = 17.5.2.0
MinimumVisualStudioVersion = 10.0.40219.1
Project("{FAE04EC0-301F-11D3-BF4B-00C04F79EFBC}") = "exercicio7", "exercicio7.csproj", "{14D54D80-F75C-A24D-A687-16C3BEF9AD6A}"
EndProject
Global
	GlobalSection(SolutionConfigurationPlatforms) = preSolution
		Debug|Any CPU = Debug|Any CPU
		Release|Any CPU = Release|Any CPU
	EndGlobalSection
	GlobalSection(ProjectConfigurationPlatforms) = postSolution
		{14D54D80-F75C-A24D-A687-16C3BEF9AD6A}.Debug|Any CPU.ActiveCfg = Debug|Any CPU
		{14D54D80-F75C-A24D-A687-16C3BEF9AD6A}.Debug|Any CPU.Build.0 = Debug|Any CPU
		{14D54D80-F75C-A24D-A687-16C3BEF9AD6A}.Release|Any CPU.ActiveCfg = Release|Any CPU
		{14D54D80-F75C-A24D-A687-16C3BEF9AD6A}.Release|Any CPU.Build.0 = Release|Any CPU
	EndGlobalSection
	GlobalSection(SolutionProperties) = preSolution
		HideSolutionNode = FALSE
	EndGlobalSection
	GlobalSection(ExtensibilityGlobals) = postSolution
		SolutionGuid = {E0EB61C5-559C-48AE-B0DD-898F09E6FD23}
	EndGlobalSection
EndGlobal
